PODS:
  - FLEX (2.4.0)
  - iDevs (0.1.0)

DEPENDENCIES:
  - FLEX
  - iDevs (from `../`)

EXTERNAL SOURCES:
  iDevs:
    :path: ../

SPEC CHECKSUMS:
  FLEX: bd1a39e55b56bb413b6f1b34b3c10a0dc44ef079
  iDevs: 94ff1c67222152b97d6d2f91516c07da6da40a2b

PODFILE CHECKSUM: 819b664dc7637d505ec74b2a3aed1eb19935d63b

COCOAPODS: 1.4.0
